Microsoft Visual Studio Solution File, Format Version 12.00
# Visual Studio Version 17
VisualStudioVersion = 17.5.2.0
MinimumVisualStudioVersion = 10.0.40219.1
Project("{FAE04EC0-301F-11D3-BF4B-00C04F79EFBC}") = "TeenHangOut", "TeenHangOut\TeenHangOut.csproj", "{D6018BB0-F6EF-773B-3DDB-696E152B7542}"
EndProject
Global
	GlobalSection(SolutionConfigurationPlatforms) = preSolution
		Debug|Any CPU = Debug|Any CPU
		Release|Any CPU = Release|Any CPU
	EndGlobalSection
	GlobalSection(ProjectConfigurationPlatforms) = postSolution
		{D6018BB0-F6EF-773B-3DDB-696E152B7542}.Debug|Any CPU.ActiveCfg = Debug|Any CPU
		{D6018BB0-F6EF-773B-3DDB-696E152B7542}.Debug|Any CPU.Build.0 = Debug|Any CPU
		{D6018BB0-F6EF-773B-3DDB-696E152B7542}.Release|Any CPU.ActiveCfg = Release|Any CPU
		{D6018BB0-F6EF-773B-3DDB-696E152B7542}.Release|Any CPU.Build.0 = Release|Any CPU
	EndGlobalSection
	GlobalSection(SolutionProperties) = preSolution
		HideSolutionNode = FALSE
	EndGlobalSection
	GlobalSection(ExtensibilityGlobals) = postSolution
		SolutionGuid = {079809CC-2054-4013-92EF-A21F78C7063D}
	EndGlobalSection
EndGlobal
